// !$*UTF8*$!
{
	archiveVersion = 1;
	classes = {
	};
	objectVersion = 50;
	objects = {

/* Begin PBXBuildFile section */
		A1CA133A227525AB00D1A6F6 /* DetailHospitalTableViewController.swift in Sources */ = {isa = PBXBuildFile; fileRef = A1CA1339227525AB00D1A6F6 /* DetailHospitalTableViewController.swift */; };
		A1D49AC9227172830000C027 /* Hospital.swift in Sources */ = {isa = PBXBuildFile; fileRef = A1D49AC8227172830000C027 /* Hospital.swift */; };
		A1E4AA47226D806E002BC076 /* AppDelegate.swift in Sources */ = {isa = PBXBuildFile; fileRef = A1E4AA46226D806E002BC076 /* AppDelegate.swift */; };
		A1E4AA49226D806E002BC076 /* ViewController.swift in Sources */ = {isa = PBXBuildFile; fileRef = A1E4AA48226D806E002BC076 /* ViewController.swift */; };
		A1E4AA4C226D806E002BC076 /* Main.storyboard in Resources */ = {isa = PBXBuildFile; fileRef = A1E4AA4A226D806E002BC076 /* Main.storyboard */; };
		A1E4AA4E226D8070002BC076 /* Assets.xcassets in Resources */ = {isa = PBXBuildFile; fileRef = A1E4AA4D226D8070002BC076 /* Assets.xcassets */; };
		A1E4AA51226D8070002BC076 /* LaunchScreen.storyboard in Resources */ = {isa = PBXBuildFile; fileRef = A1E4AA4F226D8070002BC076 /* LaunchScreen.storyboard */; };
		A1E4AA59226D8104002BC076 /* HospitalTableViewController.swift in Sources */ = {isa = PBXBuildFile; fileRef = A1E4AA58226D8104002BC076 /* HospitalTableViewController.swift */; };
		A1E4AA5B226D81D6002BC076 /* MapViewController.swift in Sources */ = {isa = PBXBuildFile; fileRef = A1E4AA5A226D81D6002BC076 /* MapViewController.swift */; };
/* End PBXBuildFile section */

/* Begin PBXFileReference section */
		A1CA1339227525AB00D1A6F6 /* DetailHospitalTableViewController.swift */ = {isa = PBXFileReference; lastKnownFileType = sourcecode.swift; path = DetailHospitalTableViewController.swift; sourceTree = "<group>"; };
		A1D49AC8227172830000C027 /* Hospital.swift */ = {isa = PBXFileReference; lastKnownFileType = sourcecode.swift; path = Hospital.swift; sourceTree = "<group>"; };
		A1E4AA43226D806E002BC076 /* HospotalMap.app */ = {isa = PBXFileReference; explicitFileType = wrapper.application; includeInIndex = 0; path = HospotalMap.app; sourceTree = BUILT_PRODUCTS_DIR; };
		A1E4AA46226D806E002BC076 /* AppDelegate.swift */ = {isa = PBXFileReference; lastKnownFileType = sourcecode.swift; path = AppDelegate.swift; sourceTree = "<group>"; };
		A1E4AA48226D806E002BC076 /* ViewController.swift */ = {isa = PBXFileReference; lastKnownFileType = sourcecode.swift; path = ViewController.swift; sourceTree = "<group>"; };
		A1E4AA4B226D806E002BC076 /* Base */ = {isa = PBXFileReference; lastKnownFileType = file.storyboard; name = Base; path = Base.lproj/Main.storyboard; sourceTree = "<group>"; };
		A1E4AA4D226D8070002BC076 /* Assets.xcassets */ = {isa = PBXFileReference; lastKnownFileType = folder.assetcatalog; path = Assets.xcassets; sourceTree = "<group>"; };
		A1E4AA50226D8070002BC076 /* Base */ = {isa = PBXFileReference; lastKnownFileType = file.storyboard; name = Base; path = Base.lproj/LaunchScreen.storyboard; sourceTree = "<group>"; };
		A1E4AA52226D8070002BC076 /* Info.plist */ = {isa = PBXFileReference; lastKnownFileType = text.plist.xml; path = Info.plist; sourceTree = "<group>"; };
		A1E4AA58226D8104002BC076 /* HospitalTableViewController.swift */ = {isa = PBXFileReference; lastKnownFileType = sourcecode.swift; path = HospitalTableViewController.swift; sourceTree = "<group>"; };
		A1E4AA5A226D81D6002BC076 /* MapViewController.swift */ = {isa = PBXFileReference; lastKnownFileType = sourcecode.swift; path = MapViewController.swift; sourceTree = "<group>"; };
/* End PBXFileReference section */

/* Begin PBXFrameworksBuildPhase section */
		A1E4AA40226D806E002BC076 /* Frameworks */ = {
			isa = PBXFrameworksBuildPhase;
			buildActionMask = 2147483647;
			files = (
			);
			runOnlyForDeploymentPostprocessing = 0;
		};
/* End PBXFrameworksBuildPhase section */

/* Begin PBXGroup section */
		A1E4AA3A226D806E002BC076 = {
			isa = PBXGroup;
			children = (
				A1E4AA45226D806E002BC076 /* HospotalMap */,
				A1E4AA44226D806E002BC076 /* Products */,
			);
			sourceTree = "<group>";
		};
		A1E4AA44226D806E002BC076 /* Products */ = {
			isa = PBXGroup;
			children = (
				A1E4AA43226D806E002BC076 /* HospotalMap.app */,
			);
			name = Products;
			sourceTree = "<group>";
		};
		A1E4AA45226D806E002BC076 /* HospotalMap */ = {
			isa = PBXGroup;
			children = (
				A1E4AA46226D806E002BC076 /* AppDelegate.swift */,
				A1E4AA48226D806E002BC076 /* ViewController.swift */,
				A1E4AA4A226D806E002BC076 /* Main.storyboard */,
				A1E4AA4D226D8070002BC076 /* Assets.xcassets */,
				A1E4AA4F226D8070002BC076 /* LaunchScreen.storyboard */,
				A1E4AA52226D8070002BC076 /* Info.plist */,
				A1E4AA58226D8104002BC076 /* HospitalTableViewController.swift */,
				A1E4AA5A226D81D6002BC076 /* MapViewController.swift */,
				A1D49AC8227172830000C027 /* Hospital.swift */,
				A1CA1339227525AB00D1A6F6 /* DetailHospitalTableViewController.swift */,
			);
			path = HospotalMap;
			sourceTree = "<group>";
		};
/* End PBXGroup section */

/* Begin PBXNativeTarget section */
		A1E4AA42226D806E002BC076 /* HospotalMap */ = {
			isa = PBXNativeTarget;
			buildConfigurationList = A1E4AA55226D8070002BC076 /* Build configuration list for PBXNativeTarget "HospotalMap" */;
			buildPhases = (
				A1E4AA3F226D806E002BC076 /* Sources */,
				A1E4AA40226D806E002BC076 /* Frameworks */,
				A1E4AA41226D806E002BC076 /* Resources */,
			);
			buildRules = (
			);
			dependencies = (
			);
			name = HospotalMap;
			productName = HospotalMap;
			productReference = A1E4AA43226D806E002BC076 /* HospotalMap.app */;
			productType = "com.apple.product-type.application";
		};
/* End PBXNativeTarget section */

/* Begin PBXProject section */
		A1E4AA3B226D806E002BC076 /* Project object */ = {
			isa = PBXProject;
			attributes = {
				LastSwiftUpdateCheck = 1010;
				LastUpgradeCheck = 1010;
				ORGANIZATIONNAME = YuShinSong;
				TargetAttributes = {
					A1E4AA42226D806E002BC076 = {
						CreatedOnToolsVersion = 10.1;
					};
				};
			};
			buildConfigurationList = A1E4AA3E226D806E002BC076 /* Build configuration list for PBXProject "HospotalMap" */;
			compatibilityVersion = "Xcode 9.3";
			developmentRegion = en;
			hasScannedForEncodings = 0;
			knownRegions = (
				en,
				Base,
			);
			mainGroup = A1E4AA3A226D806E002BC076;
			productRefGroup = A1E4AA44226D806E002BC076 /* Products */;
			projectDirPath = "";
			projectRoot = "";
			targets = (
				A1E4AA42226D806E002BC076 /* HospotalMap */,
			);
		};
/* End PBXProject section */

/* Begin PBXResourcesBuildPhase section */
		A1E4AA41226D806E002BC076 /* Resources */ = {
			isa = PBXResourcesBuildPhase;
			buildActionMask = 2147483647;
			files = (
				A1E4AA51226D8070002BC076 /* LaunchScreen.storyboard in Resources */,
				A1E4AA4E226D8070002BC076 /* Assets.xcassets in Resources */,
				A1E4AA4C226D806E002BC076 /* Main.storyboard in Resources */,
			);
			runOnlyForDeploymentPostprocessing = 0;
		};
/* End PBXResourcesBuildPhase section */

/* Begin PBXSourcesBuildPhase section */
		A1E4AA3F226D806E002BC076 /* Sources */ = {
			isa = PBXSourcesBuildPhase;
			buildActionMask = 2147483647;
			files = (
				A1E4AA49226D806E002BC076 /* ViewController.swift in Sources */,
				A1E4AA47226D806E002BC076 /* AppDelegate.swift in Sources */,
				A1E4AA59226D8104002BC076 /* HospitalTableViewController.swift in Sources */,
				A1D49AC9227172830000C027 /* Hospital.swift in Sources */,
				A1CA133A227525AB00D1A6F6 /* DetailHospitalTableViewController.swift in Sources */,
				A1E4AA5B226D81D6002BC076 /* MapViewController.swift in Sources */,
			);
			runOnlyForDeploymentPostprocessing = 0;
		};
/* End PBXSourcesBuildPhase section */

/* Begin PBXVariantGroup section */
		A1E4AA4A226D806E002BC076 /* Main.storyboard */ = {
			isa = PBXVariantGroup;
			children = (
				A1E4AA4B226D806E002BC076 /* Base */,
			);
			name = Main.storyboard;
			sourceTree = "<group>";
		};
		A1E4AA4F226D8070002BC076 /* LaunchScreen.storyboard */ = {
			isa = PBXVariantGroup;
			children = (
				A1E4AA50226D8070002BC076 /* Base */,
			);
			name = LaunchScreen.storyboard;
			sourceTree = "<group>";
		};
/* End PBXVariantGroup section */

/* Begin XCBuildConfiguration section */
		A1E4AA53226D8070002BC076 /* Debug */ = {
			isa = XCBuildConfiguration;
			buildSettings = {
				ALWAYS_SEARCH_USER_PATHS = NO;
				CLANG_ANALYZER_NONNULL = YES;
				CLANG_ANALYZER_NUMBER_OBJECT_CONVERSION = YES_AGGRESSIVE;
				CLANG_CXX_LANGUAGE_STANDARD = "gnu++14";
				CLANG_CXX_LIBRARY = "libc++";
				CLANG_ENABLE_MODULES = YES;
				CLANG_ENABLE_OBJC_ARC = YES;
				CLANG_ENABLE_OBJC_WEAK = YES;
				CLANG_WARN_BLOCK_CAPTURE_AUTORELEASING = YES;
				CLANG_WARN_BOOL_CONVERSION = YES;
				CLANG_WARN_COMMA = YES;
				CLANG_WARN_CONSTANT_CONVERSION = YES;
				CLANG_WARN_DEPRECATED_OBJC_IMPLEMENTATIONS = YES;
				CLANG_WARN_DIRECT_OBJC_ISA_USAGE = YES_ERROR;
				CLANG_WARN_DOCUMENTATION_COMMENTS = YES;
				CLANG_WARN_EMPTY_BODY = YES;
				CLANG_WARN_ENUM_CONVERSION = YES;
				CLANG_WARN_INFINITE_RECURSION = YES;
				CLANG_WARN_INT_CONVERSION = YES;
				CLANG_WARN_NON_LITERAL_NULL_CONVERSION = YES;
				CLANG_WARN_OBJC_IMPLICIT_RETAIN_SELF = YES;
				CLANG_WARN_OBJC_LITERAL_CONVERSION = YES;
				CLANG_WARN_OBJC_ROOT_CLASS = YES_ERROR;
				CLANG_WARN_RANGE_LOOP_ANALYSIS = YES;
				CLANG_WARN_STRICT_PROTOTYPES = YES;
				CLANG_WARN_SUSPICIOUS_MOVE = YES;
				CLANG_WARN_UNGUARDED_AVAILABILITY = YES_AGGRESSIVE;
				CLANG_WARN_UNREACHABLE_CODE = YES;
				CLANG_WARN__DUPLICATE_METHOD_MATCH = YES;
				CODE_SIGN_IDENTITY = "iPhone Developer";
				COPY_PHASE_STRIP = NO;
				DEBUG_INFORMATION_FORMAT = dwarf;
				ENABLE_STRICT_OBJC_MSGSEND = YES;
				ENABLE_TESTABILITY = YES;
				GCC_C_LANGUAGE_STANDARD = gnu11;
				GCC_DYNAMIC_NO_PIC = NO;
				GCC_NO_COMMON_BLOCKS = YES;
				GCC_OPTIMIZATION_LEVEL = 0;
				GCC_PREPROCESSOR_DEFINITIONS = (
					"DEBUG=1",
					"$(inherited)",
				);
				GCC_WARN_64_TO_32_BIT_CONVERSION = YES;
				GCC_WARN_ABOUT_RETURN_TYPE = YES_ERROR;
				GCC_WARN_UNDECLARED_SELECTOR = YES;
				GCC_WARN_UNINITIALIZED_AUTOS = YES_AGGRESSIVE;
				GCC_WARN_UNUSED_FUNCTION = YES;
				GCC_WARN_UNUSED_VARIABLE = YES;
				IPHONEOS_DEPLOYMENT_TARGET = 12.1;
				MTL_ENABLE_DEBUG_INFO = INCLUDE_SOURCE;
				MTL_FAST_MATH = YES;
				ONLY_ACTIVE_ARCH = YES;
				SDKROOT = iphoneos;
				SWIFT_ACTIVE_COMPILATION_CONDITIONS = DEBUG;
				SWIFT_OPTIMIZATION_LEVEL = "-Onone";
			};
			name = Debug;
		};
		A1E4AA54226D8070002BC076 /* Release */ = {
			isa = XCBuildConfiguration;
			buildSettings = {
				ALWAYS_SEARCH_USER_PATHS = NO;
				CLANG_ANALYZER_NONNULL = YES;
				CLANG_ANALYZER_NUMBER_OBJECT_CONVERSION = YES_AGGRESSIVE;
				CLANG_CXX_LANGUAGE_STANDARD = "gnu++14";
				CLANG_CXX_LIBRARY = "libc++";
				CLANG_ENABLE_MODULES = YES;
				CLANG_ENABLE_OBJC_ARC = YES;
				CLANG_ENABLE_OBJC_WEAK = YES;
				CLANG_WARN_BLOCK_CAPTURE_AUTORELEASING = YES;
				CLANG_WARN_BOOL_CONVERSION = YES;
				CLANG_WARN_COMMA = YES;
				CLANG_WARN_CONSTANT_CONVERSION = YES;
				CLANG_WARN_DEPRECATED_OBJC_IMPLEMENTATIONS = YES;
				CLANG_WARN_DIRECT_OBJC_ISA_USAGE = YES_ERROR;
				CLANG_WARN_DOCUMENTATION_COMMENTS = YES;
				CLANG_WARN_EMPTY_BODY = YES;
				CLANG_WARN_ENUM_CONVERSION = YES;
				CLANG_WARN_INFINITE_RECURSION = YES;
				CLANG_WARN_INT_CONVERSION = YES;
				CLANG_WARN_NON_LITERAL_NULL_CONVERSION = YES;
				CLANG_WARN_OBJC_IMPLICIT_RETAIN_SELF = YES;
				CLANG_WARN_OBJC_LITERAL_CONVERSION = YES;
				CLANG_WARN_OBJC_ROOT_CLASS = YES_ERROR;
				CLANG_WARN_RANGE_LOOP_ANALYSIS = YES;
				CLANG_WARN_STRICT_PROTOTYPES = YES;
				CLANG_WARN_SUSPICIOUS_MOVE = YES;
				CLANG_WARN_UNGUARDED_AVAILABILITY = YES_AGGRESSIVE;
				CLANG_WARN_UNREACHABLE_CODE = YES;
				CLANG_WARN__DUPLICATE_METHOD_MATCH = YES;
				CODE_SIGN_IDENTITY = "iPhone Developer";
				COPY_PHASE_STRIP = NO;
				DEBUG_INFORMATION_FORMAT = "dwarf-with-dsym";
				ENABLE_NS_ASSERTIONS = NO;
				ENABLE_STRICT_OBJC_MSGSEND = YES;
				GCC_C_LANGUAGE_STANDARD = gnu11;
				GCC_NO_COMMON_BLOCKS = YES;
				GCC_WARN_64_TO_32_BIT_CONVERSION = YES;
				GCC_WARN_ABOUT_RETURN_TYPE = YES_ERROR;
				GCC_WARN_UNDECLARED_SELECTOR = YES;
				GCC_WARN_UNINITIALIZED_AUTOS = YES_AGGRESSIVE;
				GCC_WARN_UNUSED_FUNCTION = YES;
				GCC_WARN_UNUSED_VARIABLE = YES;
				IPHONEOS_DEPLOYMENT_TARGET = 12.1;
				MTL_ENABLE_DEBUG_INFO = NO;
				MTL_FAST_MATH = YES;
				SDKROOT = iphoneos;
				SWIFT_COMPILATION_MODE = wholemodule;
				SWIFT_OPTIMIZATION_LEVEL = "-O";
				VALIDATE_PRODUCT = YES;
			};
			name = Release;
		};
		A1E4AA56226D8070002BC076 /* Debug */ = {
			isa = XCBuildConfiguration;
			buildSettings = {
				ASSETCATALOG_COMPILER_APPICON_NAME = AppIcon;
				CODE_SIGN_STYLE = Automatic;
				DEVELOPMENT_TEAM = 9YH7Z3QJTQ;
				INFOPLIST_FILE = HospotalMap/Info.plist;
				LD_RUNPATH_SEARCH_PATHS = (
					"$(inherited)",
					"@executable_path/Frameworks",
				);
				PRODUCT_BUNDLE_IDENTIFIER = kpu.2019class.HospotalMap2015180018;
				PRODUCT_NAME = "$(TARGET_NAME)";
				SWIFT_VERSION = 4.2;
				TARGETED_DEVICE_FAMILY = "1,2";
			};
			name = Debug;
		};
		A1E4AA57226D8070002BC076 /* Release */ = {
			isa = XCBuildConfiguration;
			buildSettings = {
				ASSETCATALOG_COMPILER_APPICON_NAME = AppIcon;
				CODE_SIGN_STYLE = Automatic;
				DEVELOPMENT_TEAM = 9YH7Z3QJTQ;
				INFOPLIST_FILE = HospotalMap/Info.plist;
				LD_RUNPATH_SEARCH_PATHS = (
					"$(inherited)",
					"@executable_path/Frameworks",
				);
				PRODUCT_BUNDLE_IDENTIFIER = kpu.2019class.HospotalMap2015180018;
				PRODUCT_NAME = "$(TARGET_NAME)";
				SWIFT_VERSION = 4.2;
				TARGETED_DEVICE_FAMILY = "1,2";
			};
			name = Release;
		};
/* End XCBuildConfiguration section */

/* Begin XCConfigurationList section */
		A1E4AA3E226D806E002BC076 /* Build configuration list for PBXProject "HospotalMap" */ = {
			isa = XCConfigurationList;
			buildConfigurations = (
				A1E4AA53226D8070002BC076 /* Debug */,
				A1E4AA54226D8070002BC076 /* Release */,
			);
			defaultConfigurationIsVisible = 0;
			defaultConfigurationName = Release;
		};
		A1E4AA55226D8070002BC076 /* Build configuration list for PBXNativeTarget "HospotalMap" */ = {
			isa = XCConfigurationList;
			buildConfigurations = (
				A1E4AA56226D8070002BC076 /* Debug */,
				A1E4AA57226D8070002BC076 /* Release */,
			);
			defaultConfigurationIsVisible = 0;
			defaultConfigurationName = Release;
		};
/* End XCConfigurationList section */
	};
	rootObject = A1E4AA3B226D806E002BC076 /* Project object */;
}
